// !$*UTF8*$!
{
	archiveVersion = 1;
	classes = {
	};
	objectVersion = 48;
	objects = {

/* Begin PBXBuildFile section */
		416F27B6275D4476F8BC8599 /* libPods-Adopt-A-Float.a in Frameworks */ = {isa = PBXBuildFile; fileRef = 48E13079419B426B6AE7DCD7 /* libPods-Adopt-A-Float.a */; };
		8E7317B76C5975885B8F4893 /* libPods-Adopt-A-FloatTests.a in Frameworks */ = {isa = PBXBuildFile; fileRef = E34F7B87C9FA874B4C6DF556 /* libPods-Adopt-A-FloatTests.a */; };
		AD72051B202F553100F55BD7 /* AppDelegate.m in Sources */ = {isa = PBXBuildFile; fileRef = AD72051A202F553100F55BD7 /* AppDelegate.m */; };
		AD720521202F553100F55BD7 /* Main.storyboard in Resources */ = {isa = PBXBuildFile; fileRef = AD72051F202F553100F55BD7 /* Main.storyboard */; };
		AD720523202F553100F55BD7 /* Assets.xcassets in Resources */ = {isa = PBXBuildFile; fileRef = AD720522202F553100F55BD7 /* Assets.xcassets */; };
		AD720526202F553100F55BD7 /* LaunchScreen.storyboard in Resources */ = {isa = PBXBuildFile; fileRef = AD720524202F553100F55BD7 /* LaunchScreen.storyboard */; };
		AD720529202F553100F55BD7 /* main.m in Sources */ = {isa = PBXBuildFile; fileRef = AD720528202F553100F55BD7 /* main.m */; };
		AD720533202F553100F55BD7 /* Adopt_A_FloatTests.m in Sources */ = {isa = PBXBuildFile; fileRef = AD720532202F553100F55BD7 /* Adopt_A_FloatTests.m */; };
		AD720544202F58D900F55BD7 /* DataUtility.m in Sources */ = {isa = PBXBuildFile; fileRef = AD720540202F58D800F55BD7 /* DataUtility.m */; };
		AD720545202F58D900F55BD7 /* Instrument.m in Sources */ = {isa = PBXBuildFile; fileRef = AD720542202F58D900F55BD7 /* Instrument.m */; };
		AD720548202F598B00F55BD7 /* FloatData.m in Sources */ = {isa = PBXBuildFile; fileRef = AD720547202F598B00F55BD7 /* FloatData.m */; };
		AD72054B202F5D2900F55BD7 /* MainViewController.m in Sources */ = {isa = PBXBuildFile; fileRef = AD720549202F5D2800F55BD7 /* MainViewController.m */; };
		ADB225AA203922B4005B6CC8 /* source.plist in Resources */ = {isa = PBXBuildFile; fileRef = ADB225A9203922B4005B6CC8 /* source.plist */; };
		D05E012F22CBD4FA00A55488 /* private.plist in Resources */ = {isa = PBXBuildFile; fileRef = D05E012E22CBD4FA00A55488 /* private.plist */; };
/* End PBXBuildFile section */

/* Begin PBXContainerItemProxy section */
		AD72052F202F553100F55BD7 /* PBXContainerItemProxy */ = {
			isa = PBXContainerItemProxy;
			containerPortal = AD72050E202F553100F55BD7 /* Project object */;
			proxyType = 1;
			remoteGlobalIDString = AD720515202F553100F55BD7;
			remoteInfo = "Adopt-A-Float";
		};
/* End PBXContainerItemProxy section */

/* Begin PBXFileReference section */
		052C1D2D68BF80E6C21DC2A3 /* Pods-Adopt-A-FloatTests.release.xcconfig */ = {isa = PBXFileReference; includeInIndex = 1; lastKnownFileType = text.xcconfig; name = "Pods-Adopt-A-FloatTests.release.xcconfig"; path = "Pods/Target Support Files/Pods-Adopt-A-FloatTests/Pods-Adopt-A-FloatTests.release.xcconfig"; sourceTree = "<group>"; };
		2FAF12CE6C5894FDBF261A92 /* Pods-Adopt-A-FloatTests.debug.xcconfig */ = {isa = PBXFileReference; includeInIndex = 1; lastKnownFileType = text.xcconfig; name = "Pods-Adopt-A-FloatTests.debug.xcconfig"; path = "Pods/Target Support Files/Pods-Adopt-A-FloatTests/Pods-Adopt-A-FloatTests.debug.xcconfig"; sourceTree = "<group>"; };
		3EF9655187DDD9146D0F67F6 /* Pods-Adopt-A-Float.debug.xcconfig */ = {isa = PBXFileReference; includeInIndex = 1; lastKnownFileType = text.xcconfig; name = "Pods-Adopt-A-Float.debug.xcconfig"; path = "Pods/Target Support Files/Pods-Adopt-A-Float/Pods-Adopt-A-Float.debug.xcconfig"; sourceTree = "<group>"; };
		48E13079419B426B6AE7DCD7 /* libPods-Adopt-A-Float.a */ = {isa = PBXFileReference; explicitFileType = archive.ar; includeInIndex = 0; path = "libPods-Adopt-A-Float.a"; sourceTree = BUILT_PRODUCTS_DIR; };
		AD720516202F553100F55BD7 /* Adopt-A-Float.app */ = {isa = PBXFileReference; explicitFileType = wrapper.application; includeInIndex = 0; path = "Adopt-A-Float.app"; sourceTree = BUILT_PRODUCTS_DIR; };
		AD720519202F553100F55BD7 /* AppDelegate.h */ = {isa = PBXFileReference; lastKnownFileType = sourcecode.c.h; path = AppDelegate.h; sourceTree = "<group>"; };
		AD72051A202F553100F55BD7 /* AppDelegate.m */ = {isa = PBXFileReference; lastKnownFileType = sourcecode.c.objc; path = AppDelegate.m; sourceTree = "<group>"; };
		AD720520202F553100F55BD7 /* Base */ = {isa = PBXFileReference; lastKnownFileType = file.storyboard; name = Base; path = Base.lproj/Main.storyboard; sourceTree = "<group>"; };
		AD720522202F553100F55BD7 /* Assets.xcassets */ = {isa = PBXFileReference; lastKnownFileType = folder.assetcatalog; path = Assets.xcassets; sourceTree = "<group>"; };
		AD720525202F553100F55BD7 /* Base */ = {isa = PBXFileReference; lastKnownFileType = file.storyboard; name = Base; path = Base.lproj/LaunchScreen.storyboard; sourceTree = "<group>"; };
		AD720527202F553100F55BD7 /* Info.plist */ = {isa = PBXFileReference; lastKnownFileType = text.plist.xml; path = Info.plist; sourceTree = "<group>"; };
		AD720528202F553100F55BD7 /* main.m */ = {isa = PBXFileReference; lastKnownFileType = sourcecode.c.objc; path = main.m; sourceTree = "<group>"; };
		AD72052E202F553100F55BD7 /* Adopt-A-FloatTests.xctest */ = {isa = PBXFileReference; explicitFileType = wrapper.cfbundle; includeInIndex = 0; path = "Adopt-A-FloatTests.xctest"; sourceTree = BUILT_PRODUCTS_DIR; };
		AD720532202F553100F55BD7 /* Adopt_A_FloatTests.m */ = {isa = PBXFileReference; lastKnownFileType = sourcecode.c.objc; path = Adopt_A_FloatTests.m; sourceTree = "<group>"; };
		AD720534202F553100F55BD7 /* Info.plist */ = {isa = PBXFileReference; lastKnownFileType = text.plist.xml; path = Info.plist; sourceTree = "<group>"; };
		AD72053E202F58D700F55BD7 /* DataUtility.h */ = {isa = PBXFileReference; fileEncoding = 4; lastKnownFileType = sourcecode.c.h; path = DataUtility.h; sourceTree = "<group>"; };
		AD72053F202F58D800F55BD7 /* Instrument.h */ = {isa = PBXFileReference; fileEncoding = 4; lastKnownFileType = sourcecode.c.h; path = Instrument.h; sourceTree = "<group>"; };
		AD720540202F58D800F55BD7 /* DataUtility.m */ = {isa = PBXFileReference; fileEncoding = 4; lastKnownFileType = sourcecode.c.objc; path = DataUtility.m; sourceTree = "<group>"; wrapsLines = 0; };
		AD720542202F58D900F55BD7 /* Instrument.m */ = {isa = PBXFileReference; fileEncoding = 4; lastKnownFileType = sourcecode.c.objc; path = Instrument.m; sourceTree = "<group>"; };
		AD720546202F598B00F55BD7 /* FloatData.h */ = {isa = PBXFileReference; fileEncoding = 4; lastKnownFileType = sourcecode.c.h; path = FloatData.h; sourceTree = "<group>"; };
		AD720547202F598B00F55BD7 /* FloatData.m */ = {isa = PBXFileReference; fileEncoding = 4; lastKnownFileType = sourcecode.c.objc; path = FloatData.m; sourceTree = "<group>"; };
		AD720549202F5D2800F55BD7 /* MainViewController.m */ = {isa = PBXFileReference; fileEncoding = 4; lastKnownFileType = sourcecode.c.objc; path = MainViewController.m; sourceTree = "<group>"; };
		AD72054A202F5D2900F55BD7 /* MainViewController.h */ = {isa = PBXFileReference; fileEncoding = 4; lastKnownFileType = sourcecode.c.h; path = MainViewController.h; sourceTree = "<group>"; };
		ADB225A9203922B4005B6CC8 /* source.plist */ = {isa = PBXFileReference; lastKnownFileType = text.plist.xml; path = source.plist; sourceTree = "<group>"; };
		D05E012E22CBD4FA00A55488 /* private.plist */ = {isa = PBXFileReference; lastKnownFileType = text.plist.xml; path = private.plist; sourceTree = "<group>"; };
		E34F7B87C9FA874B4C6DF556 /* libPods-Adopt-A-FloatTests.a */ = {isa = PBXFileReference; explicitFileType = archive.ar; includeInIndex = 0; path = "libPods-Adopt-A-FloatTests.a"; sourceTree = BUILT_PRODUCTS_DIR; };
		E8FE4ABA2E0C7A28A3E63AE7 /* Pods-Adopt-A-Float.release.xcconfig */ = {isa = PBXFileReference; includeInIndex = 1; lastKnownFileType = text.xcconfig; name = "Pods-Adopt-A-Float.release.xcconfig"; path = "Pods/Target Support Files/Pods-Adopt-A-Float/Pods-Adopt-A-Float.release.xcconfig"; sourceTree = "<group>"; };
/* End PBXFileReference section */

/* Begin PBXFrameworksBuildPhase section */
		AD720513202F553100F55BD7 /* Frameworks */ = {
			isa = PBXFrameworksBuildPhase;
			buildActionMask = 2147483647;
			files = (
				416F27B6275D4476F8BC8599 /* libPods-Adopt-A-Float.a in Frameworks */,
			);
			runOnlyForDeploymentPostprocessing = 0;
		};
		AD72052B202F553100F55BD7 /* Frameworks */ = {
			isa = PBXFrameworksBuildPhase;
			buildActionMask = 2147483647;
			files = (
				8E7317B76C5975885B8F4893 /* libPods-Adopt-A-FloatTests.a in Frameworks */,
			);
			runOnlyForDeploymentPostprocessing = 0;
		};
/* End PBXFrameworksBuildPhase section */

/* Begin PBXGroup section */
		143154937D8635761DBA7E59 /* Frameworks */ = {
			isa = PBXGroup;
			children = (
				48E13079419B426B6AE7DCD7 /* libPods-Adopt-A-Float.a */,
				E34F7B87C9FA874B4C6DF556 /* libPods-Adopt-A-FloatTests.a */,
			);
			name = Frameworks;
			sourceTree = "<group>";
		};
		AA0AC20B5F9F5B56F3C51F4B /* Pods */ = {
			isa = PBXGroup;
			children = (
				3EF9655187DDD9146D0F67F6 /* Pods-Adopt-A-Float.debug.xcconfig */,
				E8FE4ABA2E0C7A28A3E63AE7 /* Pods-Adopt-A-Float.release.xcconfig */,
				2FAF12CE6C5894FDBF261A92 /* Pods-Adopt-A-FloatTests.debug.xcconfig */,
				052C1D2D68BF80E6C21DC2A3 /* Pods-Adopt-A-FloatTests.release.xcconfig */,
			);
			name = Pods;
			sourceTree = "<group>";
		};
		AD72050D202F553100F55BD7 = {
			isa = PBXGroup;
			children = (
				AD720518202F553100F55BD7 /* Adopt-A-Float */,
				AD720531202F553100F55BD7 /* Adopt-A-FloatTests */,
				AD720517202F553100F55BD7 /* Products */,
				AA0AC20B5F9F5B56F3C51F4B /* Pods */,
				143154937D8635761DBA7E59 /* Frameworks */,
			);
			sourceTree = "<group>";
		};
		AD720517202F553100F55BD7 /* Products */ = {
			isa = PBXGroup;
			children = (
				AD720516202F553100F55BD7 /* Adopt-A-Float.app */,
				AD72052E202F553100F55BD7 /* Adopt-A-FloatTests.xctest */,
			);
			name = Products;
			sourceTree = "<group>";
		};
		AD720518202F553100F55BD7 /* Adopt-A-Float */ = {
			isa = PBXGroup;
			children = (
				AD720519202F553100F55BD7 /* AppDelegate.h */,
				AD72051A202F553100F55BD7 /* AppDelegate.m */,
				AD72054D202F5D9F00F55BD7 /* Models */,
				AD72054C202F5D9100F55BD7 /* Views */,
				AD72054E202F5DBD00F55BD7 /* Controllers */,
				AD720522202F553100F55BD7 /* Assets.xcassets */,
				AD720527202F553100F55BD7 /* Info.plist */,
				ADB225A9203922B4005B6CC8 /* source.plist */,
				AD720528202F553100F55BD7 /* main.m */,
				D05E012E22CBD4FA00A55488 /* private.plist */,
			);
			path = "Adopt-A-Float";
			sourceTree = "<group>";
		};
		AD720531202F553100F55BD7 /* Adopt-A-FloatTests */ = {
			isa = PBXGroup;
			children = (
				AD720532202F553100F55BD7 /* Adopt_A_FloatTests.m */,
				AD720534202F553100F55BD7 /* Info.plist */,
			);
			path = "Adopt-A-FloatTests";
			sourceTree = "<group>";
		};
		AD72054C202F5D9100F55BD7 /* Views */ = {
			isa = PBXGroup;
			children = (
				AD72051F202F553100F55BD7 /* Main.storyboard */,
				AD720524202F553100F55BD7 /* LaunchScreen.storyboard */,
			);
			path = Views;
			sourceTree = "<group>";
		};
		AD72054D202F5D9F00F55BD7 /* Models */ = {
			isa = PBXGroup;
			children = (
				AD72053E202F58D700F55BD7 /* DataUtility.h */,
				AD720540202F58D800F55BD7 /* DataUtility.m */,
				AD720546202F598B00F55BD7 /* FloatData.h */,
				AD720547202F598B00F55BD7 /* FloatData.m */,
				AD72053F202F58D800F55BD7 /* Instrument.h */,
				AD720542202F58D900F55BD7 /* Instrument.m */,
			);
			path = Models;
			sourceTree = "<group>";
		};
		AD72054E202F5DBD00F55BD7 /* Controllers */ = {
			isa = PBXGroup;
			children = (
				AD72054A202F5D2900F55BD7 /* MainViewController.h */,
				AD720549202F5D2800F55BD7 /* MainViewController.m */,
			);
			path = Controllers;
			sourceTree = "<group>";
		};
/* End PBXGroup section */

/* Begin PBXNativeTarget section */
		AD720515202F553100F55BD7 /* Adopt-A-Float */ = {
			isa = PBXNativeTarget;
			buildConfigurationList = AD720537202F553100F55BD7 /* Build configuration list for PBXNativeTarget "Adopt-A-Float" */;
			buildPhases = (
				F10D1A82E85015388E37EC0D /* [CP] Check Pods Manifest.lock */,
				AD720512202F553100F55BD7 /* Sources */,
				AD720513202F553100F55BD7 /* Frameworks */,
				AD720514202F553100F55BD7 /* Resources */,
				F2A7E02587912459CA8E62BD /* [CP] Copy Pods Resources */,
			);
			buildRules = (
			);
			dependencies = (
			);
			name = "Adopt-A-Float";
			productName = "Adopt-A-Float";
			productReference = AD720516202F553100F55BD7 /* Adopt-A-Float.app */;
			productType = "com.apple.product-type.application";
		};
		AD72052D202F553100F55BD7 /* Adopt-A-FloatTests */ = {
			isa = PBXNativeTarget;
			buildConfigurationList = AD72053A202F553100F55BD7 /* Build configuration list for PBXNativeTarget "Adopt-A-FloatTests" */;
			buildPhases = (
				BDECDBC2EB1030C06CAA1908 /* [CP] Check Pods Manifest.lock */,
				AD72052A202F553100F55BD7 /* Sources */,
				AD72052B202F553100F55BD7 /* Frameworks */,
				AD72052C202F553100F55BD7 /* Resources */,
			);
			buildRules = (
			);
			dependencies = (
				AD720530202F553100F55BD7 /* PBXTargetDependency */,
			);
			name = "Adopt-A-FloatTests";
			productName = "Adopt-A-FloatTests";
			productReference = AD72052E202F553100F55BD7 /* Adopt-A-FloatTests.xctest */;
			productType = "com.apple.product-type.bundle.unit-test";
		};
/* End PBXNativeTarget section */

/* Begin PBXProject section */
		AD72050E202F553100F55BD7 /* Project object */ = {
			isa = PBXProject;
			attributes = {
				LastUpgradeCheck = 0930;
				ORGANIZATIONNAME = "Frederik Simons";
				TargetAttributes = {
					AD720515202F553100F55BD7 = {
						CreatedOnToolsVersion = 9.2;
						ProvisioningStyle = Automatic;
					};
					AD72052D202F553100F55BD7 = {
						CreatedOnToolsVersion = 9.2;
						ProvisioningStyle = Automatic;
						TestTargetID = AD720515202F553100F55BD7;
					};
				};
			};
			buildConfigurationList = AD720511202F553100F55BD7 /* Build configuration list for PBXProject "Adopt-A-Float" */;
			compatibilityVersion = "Xcode 8.0";
			developmentRegion = en;
			hasScannedForEncodings = 0;
			knownRegions = (
				en,
				Base,
			);
			mainGroup = AD72050D202F553100F55BD7;
			productRefGroup = AD720517202F553100F55BD7 /* Products */;
			projectDirPath = "";
			projectRoot = "";
			targets = (
				AD720515202F553100F55BD7 /* Adopt-A-Float */,
				AD72052D202F553100F55BD7 /* Adopt-A-FloatTests */,
			);
		};
/* End PBXProject section */

/* Begin PBXResourcesBuildPhase section */
		AD720514202F553100F55BD7 /* Resources */ = {
			isa = PBXResourcesBuildPhase;
			buildActionMask = 2147483647;
			files = (
				ADB225AA203922B4005B6CC8 /* source.plist in Resources */,
				AD720526202F553100F55BD7 /* LaunchScreen.storyboard in Resources */,
				AD720523202F553100F55BD7 /* Assets.xcassets in Resources */,
				AD720521202F553100F55BD7 /* Main.storyboard in Resources */,
				D05E012F22CBD4FA00A55488 /* private.plist in Resources */,
			);
			runOnlyForDeploymentPostprocessing = 0;
		};
		AD72052C202F553100F55BD7 /* Resources */ = {
			isa = PBXResourcesBuildPhase;
			buildActionMask = 2147483647;
			files = (
			);
			runOnlyForDeploymentPostprocessing = 0;
		};
/* End PBXResourcesBuildPhase section */

/* Begin PBXShellScriptBuildPhase section */
		BDECDBC2EB1030C06CAA1908 /* [CP] Check Pods Manifest.lock */ = {
			isa = PBXShellScriptBuildPhase;
			buildActionMask = 2147483647;
			files = (
			);
			inputPaths = (
				"${PODS_PODFILE_DIR_PATH}/Podfile.lock",
				"${PODS_ROOT}/Manifest.lock",
			);
			name = "[CP] Check Pods Manifest.lock";
			outputPaths = (
				"$(DERIVED_FILE_DIR)/Pods-Adopt-A-FloatTests-checkManifestLockResult.txt",
			);
			runOnlyForDeploymentPostprocessing = 0;
			shellPath = /bin/sh;
			shellScript = "diff \"${PODS_PODFILE_DIR_PATH}/Podfile.lock\" \"${PODS_ROOT}/Manifest.lock\" > /dev/null\nif [ $? != 0 ] ; then\n    # print error to STDERR\n    echo \"error: The sandbox is not in sync with the Podfile.lock. Run 'pod install' or update your CocoaPods installation.\" >&2\n    exit 1\nfi\n# This output is used by Xcode 'outputs' to avoid re-running this script phase.\necho \"SUCCESS\" > \"${SCRIPT_OUTPUT_FILE_0}\"\n";
			showEnvVarsInLog = 0;
		};
		F10D1A82E85015388E37EC0D /* [CP] Check Pods Manifest.lock */ = {
			isa = PBXShellScriptBuildPhase;
			buildActionMask = 2147483647;
			files = (
			);
			inputPaths = (
				"${PODS_PODFILE_DIR_PATH}/Podfile.lock",
				"${PODS_ROOT}/Manifest.lock",
			);
			name = "[CP] Check Pods Manifest.lock";
			outputPaths = (
				"$(DERIVED_FILE_DIR)/Pods-Adopt-A-Float-checkManifestLockResult.txt",
			);
			runOnlyForDeploymentPostprocessing = 0;
			shellPath = /bin/sh;
			shellScript = "diff \"${PODS_PODFILE_DIR_PATH}/Podfile.lock\" \"${PODS_ROOT}/Manifest.lock\" > /dev/null\nif [ $? != 0 ] ; then\n    # print error to STDERR\n    echo \"error: The sandbox is not in sync with the Podfile.lock. Run 'pod install' or update your CocoaPods installation.\" >&2\n    exit 1\nfi\n# This output is used by Xcode 'outputs' to avoid re-running this script phase.\necho \"SUCCESS\" > \"${SCRIPT_OUTPUT_FILE_0}\"\n";
			showEnvVarsInLog = 0;
		};
		F2A7E02587912459CA8E62BD /* [CP] Copy Pods Resources */ = {
			isa = PBXShellScriptBuildPhase;
			buildActionMask = 2147483647;
			files = (
			);
			inputPaths = (
				"${SRCROOT}/Pods/Target Support Files/Pods-Adopt-A-Float/Pods-Adopt-A-Float-resources.sh",
				"${PODS_ROOT}/GoogleMaps/Maps/Frameworks/GoogleMaps.framework/Resources/GoogleMaps.bundle",
			);
			name = "[CP] Copy Pods Resources";
			outputPaths = (
				"${TARGET_BUILD_DIR}/${UNLOCALIZED_RESOURCES_FOLDER_PATH}/GoogleMaps.bundle",
			);
			runOnlyForDeploymentPostprocessing = 0;
			shellPath = /bin/sh;
			shellScript = "\"${SRCROOT}/Pods/Target Support Files/Pods-Adopt-A-Float/Pods-Adopt-A-Float-resources.sh\"\n";
			showEnvVarsInLog = 0;
		};
/* End PBXShellScriptBuildPhase section */

/* Begin PBXSourcesBuildPhase section */
		AD720512202F553100F55BD7 /* Sources */ = {
			isa = PBXSourcesBuildPhase;
			buildActionMask = 2147483647;
			files = (
				AD720529202F553100F55BD7 /* main.m in Sources */,
				AD72054B202F5D2900F55BD7 /* MainViewController.m in Sources */,
				AD720545202F58D900F55BD7 /* Instrument.m in Sources */,
				AD720544202F58D900F55BD7 /* DataUtility.m in Sources */,
				AD72051B202F553100F55BD7 /* AppDelegate.m in Sources */,
				AD720548202F598B00F55BD7 /* FloatData.m in Sources */,
			);
			runOnlyForDeploymentPostprocessing = 0;
		};
		AD72052A202F553100F55BD7 /* Sources */ = {
			isa = PBXSourcesBuildPhase;
			buildActionMask = 2147483647;
			files = (
				AD720533202F553100F55BD7 /* Adopt_A_FloatTests.m in Sources */,
			);
			runOnlyForDeploymentPostprocessing = 0;
		};
/* End PBXSourcesBuildPhase section */

/* Begin PBXTargetDependency section */
		AD720530202F553100F55BD7 /* PBXTargetDependency */ = {
			isa = PBXTargetDependency;
			target = AD720515202F553100F55BD7 /* Adopt-A-Float */;
			targetProxy = AD72052F202F553100F55BD7 /* PBXContainerItemProxy */;
		};
/* End PBXTargetDependency section */

/* Begin PBXVariantGroup section */
		AD72051F202F553100F55BD7 /* Main.storyboard */ = {
			isa = PBXVariantGroup;
			children = (
				AD720520202F553100F55BD7 /* Base */,
			);
			name = Main.storyboard;
			sourceTree = "<group>";
		};
		AD720524202F553100F55BD7 /* LaunchScreen.storyboard */ = {
			isa = PBXVariantGroup;
			children = (
				AD720525202F553100F55BD7 /* Base */,
			);
			name = LaunchScreen.storyboard;
			sourceTree = "<group>";
		};
/* End PBXVariantGroup section */

/* Begin XCBuildConfiguration section */
		AD720535202F553100F55BD7 /* Debug */ = {
			isa = XCBuildConfiguration;
			buildSettings = {
				ALWAYS_SEARCH_USER_PATHS = NO;
				CLANG_ANALYZER_NONNULL = YES;
				CLANG_ANALYZER_NUMBER_OBJECT_CONVERSION = YES_AGGRESSIVE;
				CLANG_CXX_LANGUAGE_STANDARD = "gnu++14";
				CLANG_CXX_LIBRARY = "libc++";
				CLANG_ENABLE_MODULES = YES;
				CLANG_ENABLE_OBJC_ARC = YES;
				CLANG_WARN_BLOCK_CAPTURE_AUTORELEASING = YES;
				CLANG_WARN_BOOL_CONVERSION = YES;
				CLANG_WARN_COMMA = YES;
				CLANG_WARN_CONSTANT_CONVERSION = YES;
				CLANG_WARN_DEPRECATED_OBJC_IMPLEMENTATIONS = YES;
				CLANG_WARN_DIRECT_OBJC_ISA_USAGE = YES_ERROR;
				CLANG_WARN_DOCUMENTATION_COMMENTS = YES;
				CLANG_WARN_EMPTY_BODY = YES;
				CLANG_WARN_ENUM_CONVERSION = YES;
				CLANG_WARN_INFINITE_RECURSION = YES;
				CLANG_WARN_INT_CONVERSION = YES;
				CLANG_WARN_NON_LITERAL_NULL_CONVERSION = YES;
				CLANG_WARN_OBJC_IMPLICIT_RETAIN_SELF = YES;
				CLANG_WARN_OBJC_LITERAL_CONVERSION = YES;
				CLANG_WARN_OBJC_ROOT_CLASS = YES_ERROR;
				CLANG_WARN_RANGE_LOOP_ANALYSIS = YES;
				CLANG_WARN_STRICT_PROTOTYPES = YES;
				CLANG_WARN_SUSPICIOUS_MOVE = YES;
				CLANG_WARN_UNGUARDED_AVAILABILITY = YES_AGGRESSIVE;
				CLANG_WARN_UNREACHABLE_CODE = YES;
				CLANG_WARN__DUPLICATE_METHOD_MATCH = YES;
				CODE_SIGN_IDENTITY = "iPhone Developer";
				COPY_PHASE_STRIP = NO;
				DEBUG_INFORMATION_FORMAT = dwarf;
				ENABLE_STRICT_OBJC_MSGSEND = YES;
				ENABLE_TESTABILITY = YES;
				GCC_C_LANGUAGE_STANDARD = gnu11;
				GCC_DYNAMIC_NO_PIC = NO;
				GCC_NO_COMMON_BLOCKS = YES;
				GCC_OPTIMIZATION_LEVEL = 0;
				GCC_PREPROCESSOR_DEFINITIONS = (
					"DEBUG=1",
					"$(inherited)",
				);
				GCC_WARN_64_TO_32_BIT_CONVERSION = YES;
				GCC_WARN_ABOUT_RETURN_TYPE = YES_ERROR;
				GCC_WARN_UNDECLARED_SELECTOR = YES;
				GCC_WARN_UNINITIALIZED_AUTOS = YES_AGGRESSIVE;
				GCC_WARN_UNUSED_FUNCTION = YES;
				GCC_WARN_UNUSED_VARIABLE = YES;
				IPHONEOS_DEPLOYMENT_TARGET = 11.2;
				MTL_ENABLE_DEBUG_INFO = YES;
				ONLY_ACTIVE_ARCH = YES;
				SDKROOT = iphoneos;
			};
			name = Debug;
		};
		AD720536202F553100F55BD7 /* Release */ = {
			isa = XCBuildConfiguration;
			buildSettings = {
				ALWAYS_SEARCH_USER_PATHS = NO;
				CLANG_ANALYZER_NONNULL = YES;
				CLANG_ANALYZER_NUMBER_OBJECT_CONVERSION = YES_AGGRESSIVE;
				CLANG_CXX_LANGUAGE_STANDARD = "gnu++14";
				CLANG_CXX_LIBRARY = "libc++";
				CLANG_ENABLE_MODULES = YES;
				CLANG_ENABLE_OBJC_ARC = YES;
				CLANG_WARN_BLOCK_CAPTURE_AUTORELEASING = YES;
				CLANG_WARN_BOOL_CONVERSION = YES;
				CLANG_WARN_COMMA = YES;
				CLANG_WARN_CONSTANT_CONVERSION = YES;
				CLANG_WARN_DEPRECATED_OBJC_IMPLEMENTATIONS = YES;
				CLANG_WARN_DIRECT_OBJC_ISA_USAGE = YES_ERROR;
				CLANG_WARN_DOCUMENTATION_COMMENTS = YES;
				CLANG_WARN_EMPTY_BODY = YES;
				CLANG_WARN_ENUM_CONVERSION = YES;
				CLANG_WARN_INFINITE_RECURSION = YES;
				CLANG_WARN_INT_CONVERSION = YES;
				CLANG_WARN_NON_LITERAL_NULL_CONVERSION = YES;
				CLANG_WARN_OBJC_IMPLICIT_RETAIN_SELF = YES;
				CLANG_WARN_OBJC_LITERAL_CONVERSION = YES;
				CLANG_WARN_OBJC_ROOT_CLASS = YES_ERROR;
				CLANG_WARN_RANGE_LOOP_ANALYSIS = YES;
				CLANG_WARN_STRICT_PROTOTYPES = YES;
				CLANG_WARN_SUSPICIOUS_MOVE = YES;
				CLANG_WARN_UNGUARDED_AVAILABILITY = YES_AGGRESSIVE;
				CLANG_WARN_UNREACHABLE_CODE = YES;
				CLANG_WARN__DUPLICATE_METHOD_MATCH = YES;
				CODE_SIGN_IDENTITY = "iPhone Developer";
				COPY_PHASE_STRIP = NO;
				DEBUG_INFORMATION_FORMAT = "dwarf-with-dsym";
				ENABLE_NS_ASSERTIONS = NO;
				ENABLE_STRICT_OBJC_MSGSEND = YES;
				GCC_C_LANGUAGE_STANDARD = gnu11;
				GCC_NO_COMMON_BLOCKS = YES;
				GCC_WARN_64_TO_32_BIT_CONVERSION = YES;
				GCC_WARN_ABOUT_RETURN_TYPE = YES_ERROR;
				GCC_WARN_UNDECLARED_SELECTOR = YES;
				GCC_WARN_UNINITIALIZED_AUTOS = YES_AGGRESSIVE;
				GCC_WARN_UNUSED_FUNCTION = YES;
				GCC_WARN_UNUSED_VARIABLE = YES;
				IPHONEOS_DEPLOYMENT_TARGET = 11.2;
				MTL_ENABLE_DEBUG_INFO = NO;
				SDKROOT = iphoneos;
				VALIDATE_PRODUCT = YES;
			};
			name = Release;
		};
		AD720538202F553100F55BD7 /* Debug */ = {
			isa = XCBuildConfiguration;
			baseConfigurationReference = 3EF9655187DDD9146D0F67F6 /* Pods-Adopt-A-Float.debug.xcconfig */;
			buildSettings = {
				ASSETCATALOG_COMPILER_APPICON_NAME = AppIcon;
				CODE_SIGN_STYLE = Automatic;
				DEVELOPMENT_TEAM = SHB7FM7N96;
				INFOPLIST_FILE = "Adopt-A-Float/Info.plist";
				LD_RUNPATH_SEARCH_PATHS = "$(inherited) @executable_path/Frameworks";
				PRODUCT_BUNDLE_IDENTIFIER = "frederik.Adopt-A-Float";
				PRODUCT_NAME = "$(TARGET_NAME)";
				TARGETED_DEVICE_FAMILY = "1,2";
			};
			name = Debug;
		};
		AD720539202F553100F55BD7 /* Release */ = {
			isa = XCBuildConfiguration;
			baseConfigurationReference = E8FE4ABA2E0C7A28A3E63AE7 /* Pods-Adopt-A-Float.release.xcconfig */;
			buildSettings = {
				ASSETCATALOG_COMPILER_APPICON_NAME = AppIcon;
				CODE_SIGN_STYLE = Automatic;
				DEVELOPMENT_TEAM = SHB7FM7N96;
				INFOPLIST_FILE = "Adopt-A-Float/Info.plist";
				LD_RUNPATH_SEARCH_PATHS = "$(inherited) @executable_path/Frameworks";
				PRODUCT_BUNDLE_IDENTIFIER = "frederik.Adopt-A-Float";
				PRODUCT_NAME = "$(TARGET_NAME)";
				TARGETED_DEVICE_FAMILY = "1,2";
			};
			name = Release;
		};
		AD72053B202F553100F55BD7 /* Debug */ = {
			isa = XCBuildConfiguration;
			baseConfigurationReference = 2FAF12CE6C5894FDBF261A92 /* Pods-Adopt-A-FloatTests.debug.xcconfig */;
			buildSettings = {
				BUNDLE_LOADER = "$(TEST_HOST)";
				CODE_SIGN_STYLE = Automatic;
				INFOPLIST_FILE = "Adopt-A-FloatTests/Info.plist";
				LD_RUNPATH_SEARCH_PATHS = "$(inherited) @executable_path/Frameworks @loader_path/Frameworks";
				PRODUCT_BUNDLE_IDENTIFIER = "net.frederik.Adopt-A-FloatTests";
				PRODUCT_NAME = "$(TARGET_NAME)";
				TARGETED_DEVICE_FAMILY = "1,2";
				TEST_HOST = "$(BUILT_PRODUCTS_DIR)/Adopt-A-Float.app/Adopt-A-Float";
			};
			name = Debug;
		};
		AD72053C202F553100F55BD7 /* Release */ = {
			isa = XCBuildConfiguration;
			baseConfigurationReference = 052C1D2D68BF80E6C21DC2A3 /* Pods-Adopt-A-FloatTests.release.xcconfig */;
			buildSettings = {
				BUNDLE_LOADER = "$(TEST_HOST)";
				CODE_SIGN_STYLE = Automatic;
				INFOPLIST_FILE = "Adopt-A-FloatTests/Info.plist";
				LD_RUNPATH_SEARCH_PATHS = "$(inherited) @executable_path/Frameworks @loader_path/Frameworks";
				PRODUCT_BUNDLE_IDENTIFIER = "net.frederik.Adopt-A-FloatTests";
				PRODUCT_NAME = "$(TARGET_NAME)";
				TARGETED_DEVICE_FAMILY = "1,2";
				TEST_HOST = "$(BUILT_PRODUCTS_DIR)/Adopt-A-Float.app/Adopt-A-Float";
			};
			name = Release;
		};
/* End XCBuildConfiguration section */

/* Begin XCConfigurationList section */
		AD720511202F553100F55BD7 /* Build configuration list for PBXProject "Adopt-A-Float" */ = {
			isa = XCConfigurationList;
			buildConfigurations = (
				AD720535202F553100F55BD7 /* Debug */,
				AD720536202F553100F55BD7 /* Release */,
			);
			defaultConfigurationIsVisible = 0;
			defaultConfigurationName = Release;
		};
		AD720537202F553100F55BD7 /* Build configuration list for PBXNativeTarget "Adopt-A-Float" */ = {
			isa = XCConfigurationList;
			buildConfigurations = (
				AD720538202F553100F55BD7 /* Debug */,
				AD720539202F553100F55BD7 /* Release */,
			);
			defaultConfigurationIsVisible = 0;
			defaultConfigurationName = Release;
		};
		AD72053A202F553100F55BD7 /* Build configuration list for PBXNativeTarget "Adopt-A-FloatTests" */ = {
			isa = XCConfigurationList;
			buildConfigurations = (
				AD72053B202F553100F55BD7 /* Debug */,
				AD72053C202F553100F55BD7 /* Release */,
			);
			defaultConfigurationIsVisible = 0;
			defaultConfigurationName = Release;
		};
/* End XCConfigurationList section */
	};
	rootObject = AD72050E202F553100F55BD7 /* Project object */;
}
