// !$*UTF8*$!
{
	archiveVersion = 1;
	classes = {
	};
	objectVersion = 48;
	objects = {

/* Begin PBXBuildFile section */
		113137612E1A707722F8296F /* libPods-Adopt-A-Float.a in Frameworks */ = {isa = PBXBuildFile; fileRef = 1E905623F5C64F276C620210 /* libPods-Adopt-A-Float.a */; };
		416D31C9D349697AA36119EA /* libPods-Adopt-A-FloatTests.a in Frameworks */ = {isa = PBXBuildFile; fileRef = BAB9C0873338DDFA9F165195 /* libPods-Adopt-A-FloatTests.a */; };
		AD72051B202F553100F55BD7 /* AppDelegate.m in Sources */ = {isa = PBXBuildFile; fileRef = AD72051A202F553100F55BD7 /* AppDelegate.m */; };
		AD720521202F553100F55BD7 /* Main.storyboard in Resources */ = {isa = PBXBuildFile; fileRef = AD72051F202F553100F55BD7 /* Main.storyboard */; };
		AD720523202F553100F55BD7 /* Assets.xcassets in Resources */ = {isa = PBXBuildFile; fileRef = AD720522202F553100F55BD7 /* Assets.xcassets */; };
		AD720526202F553100F55BD7 /* LaunchScreen.storyboard in Resources */ = {isa = PBXBuildFile; fileRef = AD720524202F553100F55BD7 /* LaunchScreen.storyboard */; };
		AD720529202F553100F55BD7 /* main.m in Sources */ = {isa = PBXBuildFile; fileRef = AD720528202F553100F55BD7 /* main.m */; };
		AD720533202F553100F55BD7 /* Adopt_A_FloatTests.m in Sources */ = {isa = PBXBuildFile; fileRef = AD720532202F553100F55BD7 /* Adopt_A_FloatTests.m */; };
		AD720544202F58D900F55BD7 /* DataUtility.m in Sources */ = {isa = PBXBuildFile; fileRef = AD720540202F58D800F55BD7 /* DataUtility.m */; };
		AD720545202F58D900F55BD7 /* Instrument.m in Sources */ = {isa = PBXBuildFile; fileRef = AD720542202F58D900F55BD7 /* Instrument.m */; };
		AD720548202F598B00F55BD7 /* FloatData.m in Sources */ = {isa = PBXBuildFile; fileRef = AD720547202F598B00F55BD7 /* FloatData.m */; };
		AD72054B202F5D2900F55BD7 /* MainViewController.m in Sources */ = {isa = PBXBuildFile; fileRef = AD720549202F5D2800F55BD7 /* MainViewController.m */; };
		ADB225AA203922B4005B6CC8 /* source.plist in Resources */ = {isa = PBXBuildFile; fileRef = ADB225A9203922B4005B6CC8 /* source.plist */; };
		D02FEE4F253E216B0040A80B /* MermaidLogo.png in Resources */ = {isa = PBXBuildFile; fileRef = D02FEE4E253E216B0040A80B /* MermaidLogo.png */; };
		D030C8A124FC30D0009E279F /* AppState.m in Sources */ = {isa = PBXBuildFile; fileRef = D030C8A024FC30D0009E279F /* AppState.m */; };
		D03C37512586F33700004071 /* speech-25909_1280.png in Resources */ = {isa = PBXBuildFile; fileRef = D03C37502586F33700004071 /* speech-25909_1280.png */; };
		D03C37532586F77000004071 /* talking-35462.png in Resources */ = {isa = PBXBuildFile; fileRef = D03C37522586F77000004071 /* talking-35462.png */; };
		D03C3755258E8D1700004071 /* untitled.png in Resources */ = {isa = PBXBuildFile; fileRef = D03C3754258E8D1700004071 /* untitled.png */; };
		D03C3757258E8F4200004071 /* mermaid_info_bubble.png in Resources */ = {isa = PBXBuildFile; fileRef = D03C3756258E8F4200004071 /* mermaid_info_bubble.png */; };
		D03C3759258EA33500004071 /* mermaidInfoBubble.png in Resources */ = {isa = PBXBuildFile; fileRef = D03C3758258EA33400004071 /* mermaidInfoBubble.png */; };
		D055B9352313DD38006CD40D /* SelectFloatTableViewController.m in Sources */ = {isa = PBXBuildFile; fileRef = D055B9342313DD38006CD40D /* SelectFloatTableViewController.m */; };
		D055B93823141F1C006CD40D /* SelectMarkerNumberViewController.m in Sources */ = {isa = PBXBuildFile; fileRef = D055B93723141F1C006CD40D /* SelectMarkerNumberViewController.m */; };
		D055B93B231422A4006CD40D /* OptionsViewController.m in Sources */ = {isa = PBXBuildFile; fileRef = D055B93A231422A4006CD40D /* OptionsViewController.m */; };
		D0571DAA22EF7A0900D88E1D /* mapmarkericonview.xib in Resources */ = {isa = PBXBuildFile; fileRef = D0571DA922EF7A0900D88E1D /* mapmarkericonview.xib */; };
		D0571DAD22EF7BA800D88E1D /* mapIconView.m in Sources */ = {isa = PBXBuildFile; fileRef = D0571DAC22EF7BA800D88E1D /* mapIconView.m */; };
		D05E012F22CBD4FA00A55488 /* private.plist in Resources */ = {isa = PBXBuildFile; fileRef = D05E012E22CBD4FA00A55488 /* private.plist */; };
		D09D817D25475FB600F7A465 /* SelectMapTypeScreen.m in Sources */ = {isa = PBXBuildFile; fileRef = D09D817C25475FB600F7A465 /* SelectMapTypeScreen.m */; };
		D09F915725A8E644007BDAB9 /* LegendScreen.m in Sources */ = {isa = PBXBuildFile; fileRef = D09F915625A8E644007BDAB9 /* LegendScreen.m */; };
		D0F24A2825B73BB500E52901 /* Adopt_A_FloatUITests.m in Sources */ = {isa = PBXBuildFile; fileRef = D0F24A2725B73BB500E52901 /* Adopt_A_FloatUITests.m */; };
/* End PBXBuildFile section */

/* Begin PBXContainerItemProxy section */
		AD72052F202F553100F55BD7 /* PBXContainerItemProxy */ = {
			isa = PBXContainerItemProxy;
			containerPortal = AD72050E202F553100F55BD7 /* Project object */;
			proxyType = 1;
			remoteGlobalIDString = AD720515202F553100F55BD7;
			remoteInfo = "Adopt-A-Float";
		};
		D0F24A2A25B73BB500E52901 /* PBXContainerItemProxy */ = {
			isa = PBXContainerItemProxy;
			containerPortal = AD72050E202F553100F55BD7 /* Project object */;
			proxyType = 1;
			remoteGlobalIDString = AD720515202F553100F55BD7;
			remoteInfo = "Adopt-A-Float";
		};
/* End PBXContainerItemProxy section */

/* Begin PBXFileReference section */
		1E905623F5C64F276C620210 /* libPods-Adopt-A-Float.a */ = {isa = PBXFileReference; explicitFileType = archive.ar; includeInIndex = 0; path = "libPods-Adopt-A-Float.a"; sourceTree = BUILT_PRODUCTS_DIR; };
		6885A0C0D9B83595BE40C048 /* Pods-Adopt-A-FloatTests.release.xcconfig */ = {isa = PBXFileReference; includeInIndex = 1; lastKnownFileType = text.xcconfig; name = "Pods-Adopt-A-FloatTests.release.xcconfig"; path = "Target Support Files/Pods-Adopt-A-FloatTests/Pods-Adopt-A-FloatTests.release.xcconfig"; sourceTree = "<group>"; };
		6D1C5C91A0607AA852A53BE7 /* Pods-Adopt-A-Float.release.xcconfig */ = {isa = PBXFileReference; includeInIndex = 1; lastKnownFileType = text.xcconfig; name = "Pods-Adopt-A-Float.release.xcconfig"; path = "Target Support Files/Pods-Adopt-A-Float/Pods-Adopt-A-Float.release.xcconfig"; sourceTree = "<group>"; };
		7E65C46C84E9F40C51C47920 /* Pods-Adopt-A-Float.debug.xcconfig */ = {isa = PBXFileReference; includeInIndex = 1; lastKnownFileType = text.xcconfig; name = "Pods-Adopt-A-Float.debug.xcconfig"; path = "Target Support Files/Pods-Adopt-A-Float/Pods-Adopt-A-Float.debug.xcconfig"; sourceTree = "<group>"; };
		AD720516202F553100F55BD7 /* Adopt-A-Float.app */ = {isa = PBXFileReference; explicitFileType = wrapper.application; includeInIndex = 0; path = "Adopt-A-Float.app"; sourceTree = BUILT_PRODUCTS_DIR; };
		AD720519202F553100F55BD7 /* AppDelegate.h */ = {isa = PBXFileReference; lastKnownFileType = sourcecode.c.h; path = AppDelegate.h; sourceTree = "<group>"; };
		AD72051A202F553100F55BD7 /* AppDelegate.m */ = {isa = PBXFileReference; lastKnownFileType = sourcecode.c.objc; path = AppDelegate.m; sourceTree = "<group>"; };
		AD720520202F553100F55BD7 /* Base */ = {isa = PBXFileReference; lastKnownFileType = file.storyboard; name = Base; path = Base.lproj/Main.storyboard; sourceTree = "<group>"; };
		AD720522202F553100F55BD7 /* Assets.xcassets */ = {isa = PBXFileReference; lastKnownFileType = folder.assetcatalog; path = Assets.xcassets; sourceTree = "<group>"; };
		AD720525202F553100F55BD7 /* Base */ = {isa = PBXFileReference; lastKnownFileType = file.storyboard; name = Base; path = Base.lproj/LaunchScreen.storyboard; sourceTree = "<group>"; };
		AD720527202F553100F55BD7 /* Info.plist */ = {isa = PBXFileReference; lastKnownFileType = text.plist.xml; path = Info.plist; sourceTree = "<group>"; };
		AD720528202F553100F55BD7 /* main.m */ = {isa = PBXFileReference; lastKnownFileType = sourcecode.c.objc; path = main.m; sourceTree = "<group>"; };
		AD72052E202F553100F55BD7 /* Adopt-A-FloatTests.xctest */ = {isa = PBXFileReference; explicitFileType = wrapper.cfbundle; includeInIndex = 0; path = "Adopt-A-FloatTests.xctest"; sourceTree = BUILT_PRODUCTS_DIR; };
		AD720532202F553100F55BD7 /* Adopt_A_FloatTests.m */ = {isa = PBXFileReference; lastKnownFileType = sourcecode.c.objc; path = Adopt_A_FloatTests.m; sourceTree = "<group>"; };
		AD720534202F553100F55BD7 /* Info.plist */ = {isa = PBXFileReference; lastKnownFileType = text.plist.xml; path = Info.plist; sourceTree = "<group>"; };
		AD72053E202F58D700F55BD7 /* DataUtility.h */ = {isa = PBXFileReference; fileEncoding = 4; lastKnownFileType = sourcecode.c.h; path = DataUtility.h; sourceTree = "<group>"; };
		AD72053F202F58D800F55BD7 /* Instrument.h */ = {isa = PBXFileReference; fileEncoding = 4; lastKnownFileType = sourcecode.c.h; path = Instrument.h; sourceTree = "<group>"; };
		AD720540202F58D800F55BD7 /* DataUtility.m */ = {isa = PBXFileReference; fileEncoding = 4; lastKnownFileType = sourcecode.c.objc; path = DataUtility.m; sourceTree = "<group>"; wrapsLines = 0; };
		AD720542202F58D900F55BD7 /* Instrument.m */ = {isa = PBXFileReference; fileEncoding = 4; lastKnownFileType = sourcecode.c.objc; path = Instrument.m; sourceTree = "<group>"; };
		AD720546202F598B00F55BD7 /* FloatData.h */ = {isa = PBXFileReference; fileEncoding = 4; lastKnownFileType = sourcecode.c.h; path = FloatData.h; sourceTree = "<group>"; };
		AD720547202F598B00F55BD7 /* FloatData.m */ = {isa = PBXFileReference; fileEncoding = 4; lastKnownFileType = sourcecode.c.objc; path = FloatData.m; sourceTree = "<group>"; };
		AD720549202F5D2800F55BD7 /* MainViewController.m */ = {isa = PBXFileReference; fileEncoding = 4; lastKnownFileType = sourcecode.c.objc; path = MainViewController.m; sourceTree = "<group>"; };
		AD72054A202F5D2900F55BD7 /* MainViewController.h */ = {isa = PBXFileReference; fileEncoding = 4; lastKnownFileType = sourcecode.c.h; path = MainViewController.h; sourceTree = "<group>"; };
		ADB225A9203922B4005B6CC8 /* source.plist */ = {isa = PBXFileReference; lastKnownFileType = text.plist.xml; path = source.plist; sourceTree = "<group>"; };
		BAB9C0873338DDFA9F165195 /* libPods-Adopt-A-FloatTests.a */ = {isa = PBXFileReference; explicitFileType = archive.ar; includeInIndex = 0; path = "libPods-Adopt-A-FloatTests.a"; sourceTree = BUILT_PRODUCTS_DIR; };
		D02FEE4E253E216B0040A80B /* MermaidLogo.png */ = {isa = PBXFileReference; lastKnownFileType = image.png; path = MermaidLogo.png; sourceTree = "<group>"; };
		D030C89F24FC30D0009E279F /* AppState.h */ = {isa = PBXFileReference; lastKnownFileType = sourcecode.c.h; path = AppState.h; sourceTree = "<group>"; };
		D030C8A024FC30D0009E279F /* AppState.m */ = {isa = PBXFileReference; lastKnownFileType = sourcecode.c.objc; path = AppState.m; sourceTree = "<group>"; };
		D03C374F2586F1AB00004071 /* speech-25909.svg */ = {isa = PBXFileReference; lastKnownFileType = text.xml; name = "speech-25909.svg"; path = "/Users/peter/Desktop/Projects/Adopt-A-Float/speech-25909.svg"; sourceTree = "<absolute>"; };
		D03C37502586F33700004071 /* speech-25909_1280.png */ = {isa = PBXFileReference; lastKnownFileType = image.png; path = "speech-25909_1280.png"; sourceTree = "<group>"; };
		D03C37522586F77000004071 /* talking-35462.png */ = {isa = PBXFileReference; lastKnownFileType = image.png; path = "talking-35462.png"; sourceTree = "<group>"; };
		D03C3754258E8D1700004071 /* untitled.png */ = {isa = PBXFileReference; lastKnownFileType = image.png; path = untitled.png; sourceTree = "<group>"; };
		D03C3756258E8F4200004071 /* mermaid_info_bubble.png */ = {isa = PBXFileReference; lastKnownFileType = image.png; path = mermaid_info_bubble.png; sourceTree = "<group>"; };
		D03C3758258EA33400004071 /* mermaidInfoBubble.png */ = {isa = PBXFileReference; lastKnownFileType = image.png; path = mermaidInfoBubble.png; sourceTree = "<group>"; };
		D055B9332313DD38006CD40D /* SelectFloatTableViewController.h */ = {isa = PBXFileReference; lastKnownFileType = sourcecode.c.h; path = SelectFloatTableViewController.h; sourceTree = "<group>"; };
		D055B9342313DD38006CD40D /* SelectFloatTableViewController.m */ = {isa = PBXFileReference; lastKnownFileType = sourcecode.c.objc; path = SelectFloatTableViewController.m; sourceTree = "<group>"; };
		D055B93623141F1C006CD40D /* SelectMarkerNumberViewController.h */ = {isa = PBXFileReference; lastKnownFileType = sourcecode.c.h; path = SelectMarkerNumberViewController.h; sourceTree = "<group>"; };
		D055B93723141F1C006CD40D /* SelectMarkerNumberViewController.m */ = {isa = PBXFileReference; lastKnownFileType = sourcecode.c.objc; path = SelectMarkerNumberViewController.m; sourceTree = "<group>"; };
		D055B939231422A4006CD40D /* OptionsViewController.h */ = {isa = PBXFileReference; lastKnownFileType = sourcecode.c.h; path = OptionsViewController.h; sourceTree = "<group>"; };
		D055B93A231422A4006CD40D /* OptionsViewController.m */ = {isa = PBXFileReference; lastKnownFileType = sourcecode.c.objc; path = OptionsViewController.m; sourceTree = "<group>"; };
		D0571DA922EF7A0900D88E1D /* mapmarkericonview.xib */ = {isa = PBXFileReference; lastKnownFileType = file.xib; path = mapmarkericonview.xib; sourceTree = "<group>"; };
		D0571DAB22EF7BA800D88E1D /* mapIconView.h */ = {isa = PBXFileReference; lastKnownFileType = sourcecode.c.h; path = mapIconView.h; sourceTree = "<group>"; };
		D0571DAC22EF7BA800D88E1D /* mapIconView.m */ = {isa = PBXFileReference; lastKnownFileType = sourcecode.c.objc; path = mapIconView.m; sourceTree = "<group>"; };
		D05E012E22CBD4FA00A55488 /* private.plist */ = {isa = PBXFileReference; lastKnownFileType = text.plist.xml; path = private.plist; sourceTree = "<group>"; };
		D09D817B25475FB600F7A465 /* SelectMapTypeScreen.h */ = {isa = PBXFileReference; lastKnownFileType = sourcecode.c.h; path = SelectMapTypeScreen.h; sourceTree = "<group>"; };
		D09D817C25475FB600F7A465 /* SelectMapTypeScreen.m */ = {isa = PBXFileReference; lastKnownFileType = sourcecode.c.objc; path = SelectMapTypeScreen.m; sourceTree = "<group>"; };
		D09F915525A8E644007BDAB9 /* LegendScreen.h */ = {isa = PBXFileReference; lastKnownFileType = sourcecode.c.h; path = LegendScreen.h; sourceTree = "<group>"; };
		D09F915625A8E644007BDAB9 /* LegendScreen.m */ = {isa = PBXFileReference; lastKnownFileType = sourcecode.c.objc; path = LegendScreen.m; sourceTree = "<group>"; };
		D0F24A2525B73BB500E52901 /* Adopt-A-FloatUITests.xctest */ = {isa = PBXFileReference; explicitFileType = wrapper.cfbundle; includeInIndex = 0; path = "Adopt-A-FloatUITests.xctest"; sourceTree = BUILT_PRODUCTS_DIR; };
		D0F24A2725B73BB500E52901 /* Adopt_A_FloatUITests.m */ = {isa = PBXFileReference; lastKnownFileType = sourcecode.c.objc; path = Adopt_A_FloatUITests.m; sourceTree = "<group>"; };
		D0F24A2925B73BB500E52901 /* Info.plist */ = {isa = PBXFileReference; lastKnownFileType = text.plist.xml; path = Info.plist; sourceTree = "<group>"; };
		F93EFF74D5BA283451D8FF7D /* Pods-Adopt-A-FloatTests.debug.xcconfig */ = {isa = PBXFileReference; includeInIndex = 1; lastKnownFileType = text.xcconfig; name = "Pods-Adopt-A-FloatTests.debug.xcconfig"; path = "Target Support Files/Pods-Adopt-A-FloatTests/Pods-Adopt-A-FloatTests.debug.xcconfig"; sourceTree = "<group>"; };
/* End PBXFileReference section */

/* Begin PBXFrameworksBuildPhase section */
		AD720513202F553100F55BD7 /* Frameworks */ = {
			isa = PBXFrameworksBuildPhase;
			buildActionMask = 2147483647;
			files = (
				113137612E1A707722F8296F /* libPods-Adopt-A-Float.a in Frameworks */,
			);
			runOnlyForDeploymentPostprocessing = 0;
		};
		AD72052B202F553100F55BD7 /* Frameworks */ = {
			isa = PBXFrameworksBuildPhase;
			buildActionMask = 2147483647;
			files = (
				416D31C9D349697AA36119EA /* libPods-Adopt-A-FloatTests.a in Frameworks */,
			);
			runOnlyForDeploymentPostprocessing = 0;
		};
		D0F24A2225B73BB500E52901 /* Frameworks */ = {
			isa = PBXFrameworksBuildPhase;
			buildActionMask = 2147483647;
			files = (
			);
			runOnlyForDeploymentPostprocessing = 0;
		};
/* End PBXFrameworksBuildPhase section */

/* Begin PBXGroup section */
		262725B4959EAA7ADF151935 /* Pods */ = {
			isa = PBXGroup;
			children = (
				7E65C46C84E9F40C51C47920 /* Pods-Adopt-A-Float.debug.xcconfig */,
				6D1C5C91A0607AA852A53BE7 /* Pods-Adopt-A-Float.release.xcconfig */,
				F93EFF74D5BA283451D8FF7D /* Pods-Adopt-A-FloatTests.debug.xcconfig */,
				6885A0C0D9B83595BE40C048 /* Pods-Adopt-A-FloatTests.release.xcconfig */,
			);
			path = Pods;
			sourceTree = "<group>";
		};
		AD72050D202F553100F55BD7 = {
			isa = PBXGroup;
			children = (
				D03C3758258EA33400004071 /* mermaidInfoBubble.png */,
				D03C3756258E8F4200004071 /* mermaid_info_bubble.png */,
				D03C374F2586F1AB00004071 /* speech-25909.svg */,
				D02FEE4E253E216B0040A80B /* MermaidLogo.png */,
				AD720518202F553100F55BD7 /* Adopt-A-Float */,
				AD720531202F553100F55BD7 /* Adopt-A-FloatTests */,
				D0F24A2625B73BB500E52901 /* Adopt-A-FloatUITests */,
				AD720517202F553100F55BD7 /* Products */,
				262725B4959EAA7ADF151935 /* Pods */,
				FD9D7B89DD0AEE5EDCC3E8EE /* Frameworks */,
			);
			sourceTree = "<group>";
		};
		AD720517202F553100F55BD7 /* Products */ = {
			isa = PBXGroup;
			children = (
				AD720516202F553100F55BD7 /* Adopt-A-Float.app */,
				AD72052E202F553100F55BD7 /* Adopt-A-FloatTests.xctest */,
				D0F24A2525B73BB500E52901 /* Adopt-A-FloatUITests.xctest */,
			);
			name = Products;
			sourceTree = "<group>";
		};
		AD720518202F553100F55BD7 /* Adopt-A-Float */ = {
			isa = PBXGroup;
			children = (
				D03C3754258E8D1700004071 /* untitled.png */,
				D03C37522586F77000004071 /* talking-35462.png */,
				D03C37502586F33700004071 /* speech-25909_1280.png */,
				AD720519202F553100F55BD7 /* AppDelegate.h */,
				AD72051A202F553100F55BD7 /* AppDelegate.m */,
				AD72054D202F5D9F00F55BD7 /* Models */,
				AD72054C202F5D9100F55BD7 /* Views */,
				AD72054E202F5DBD00F55BD7 /* Controllers */,
				AD720522202F553100F55BD7 /* Assets.xcassets */,
				AD720527202F553100F55BD7 /* Info.plist */,
				ADB225A9203922B4005B6CC8 /* source.plist */,
				AD720528202F553100F55BD7 /* main.m */,
				D05E012E22CBD4FA00A55488 /* private.plist */,
			);
			path = "Adopt-A-Float";
			sourceTree = "<group>";
		};
		AD720531202F553100F55BD7 /* Adopt-A-FloatTests */ = {
			isa = PBXGroup;
			children = (
				AD720532202F553100F55BD7 /* Adopt_A_FloatTests.m */,
				AD720534202F553100F55BD7 /* Info.plist */,
			);
			path = "Adopt-A-FloatTests";
			sourceTree = "<group>";
		};
		AD72054C202F5D9100F55BD7 /* Views */ = {
			isa = PBXGroup;
			children = (
				AD72051F202F553100F55BD7 /* Main.storyboard */,
				AD720524202F553100F55BD7 /* LaunchScreen.storyboard */,
				D0571DA922EF7A0900D88E1D /* mapmarkericonview.xib */,
			);
			path = Views;
			sourceTree = "<group>";
		};
		AD72054D202F5D9F00F55BD7 /* Models */ = {
			isa = PBXGroup;
			children = (
				AD72053E202F58D700F55BD7 /* DataUtility.h */,
				AD720540202F58D800F55BD7 /* DataUtility.m */,
				AD720546202F598B00F55BD7 /* FloatData.h */,
				AD720547202F598B00F55BD7 /* FloatData.m */,
				AD72053F202F58D800F55BD7 /* Instrument.h */,
				AD720542202F58D900F55BD7 /* Instrument.m */,
				D030C89F24FC30D0009E279F /* AppState.h */,
				D030C8A024FC30D0009E279F /* AppState.m */,
			);
			path = Models;
			sourceTree = "<group>";
		};
		AD72054E202F5DBD00F55BD7 /* Controllers */ = {
			isa = PBXGroup;
			children = (
				D0571DAB22EF7BA800D88E1D /* mapIconView.h */,
				D0571DAC22EF7BA800D88E1D /* mapIconView.m */,
				AD72054A202F5D2900F55BD7 /* MainViewController.h */,
				AD720549202F5D2800F55BD7 /* MainViewController.m */,
				D055B939231422A4006CD40D /* OptionsViewController.h */,
				D055B93A231422A4006CD40D /* OptionsViewController.m */,
				D055B9332313DD38006CD40D /* SelectFloatTableViewController.h */,
				D055B9342313DD38006CD40D /* SelectFloatTableViewController.m */,
				D055B93623141F1C006CD40D /* SelectMarkerNumberViewController.h */,
				D055B93723141F1C006CD40D /* SelectMarkerNumberViewController.m */,
				D09D817B25475FB600F7A465 /* SelectMapTypeScreen.h */,
				D09D817C25475FB600F7A465 /* SelectMapTypeScreen.m */,
				D09F915525A8E644007BDAB9 /* LegendScreen.h */,
				D09F915625A8E644007BDAB9 /* LegendScreen.m */,
			);
			path = Controllers;
			sourceTree = "<group>";
		};
		D0F24A2625B73BB500E52901 /* Adopt-A-FloatUITests */ = {
			isa = PBXGroup;
			children = (
				D0F24A2725B73BB500E52901 /* Adopt_A_FloatUITests.m */,
				D0F24A2925B73BB500E52901 /* Info.plist */,
			);
			path = "Adopt-A-FloatUITests";
			sourceTree = "<group>";
		};
		FD9D7B89DD0AEE5EDCC3E8EE /* Frameworks */ = {
			isa = PBXGroup;
			children = (
				1E905623F5C64F276C620210 /* libPods-Adopt-A-Float.a */,
				BAB9C0873338DDFA9F165195 /* libPods-Adopt-A-FloatTests.a */,
			);
			name = Frameworks;
			sourceTree = "<group>";
		};
/* End PBXGroup section */

/* Begin PBXNativeTarget section */
		AD720515202F553100F55BD7 /* Adopt-A-Float */ = {
			isa = PBXNativeTarget;
			buildConfigurationList = AD720537202F553100F55BD7 /* Build configuration list for PBXNativeTarget "Adopt-A-Float" */;
			buildPhases = (
				F5A13A091FCD0541BABDF703 /* [CP] Check Pods Manifest.lock */,
				AD720512202F553100F55BD7 /* Sources */,
				AD720513202F553100F55BD7 /* Frameworks */,
				AD720514202F553100F55BD7 /* Resources */,
				484C0538D47AB26F736F4569 /* [CP] Copy Pods Resources */,
			);
			buildRules = (
			);
			dependencies = (
			);
			name = "Adopt-A-Float";
			productName = "Adopt-A-Float";
			productReference = AD720516202F553100F55BD7 /* Adopt-A-Float.app */;
			productType = "com.apple.product-type.application";
		};
		AD72052D202F553100F55BD7 /* Adopt-A-FloatTests */ = {
			isa = PBXNativeTarget;
			buildConfigurationList = AD72053A202F553100F55BD7 /* Build configuration list for PBXNativeTarget "Adopt-A-FloatTests" */;
			buildPhases = (
				7F02D4D1DF4A71E4B5F3692D /* [CP] Check Pods Manifest.lock */,
				AD72052A202F553100F55BD7 /* Sources */,
				AD72052B202F553100F55BD7 /* Frameworks */,
				AD72052C202F553100F55BD7 /* Resources */,
			);
			buildRules = (
			);
			dependencies = (
				AD720530202F553100F55BD7 /* PBXTargetDependency */,
			);
			name = "Adopt-A-FloatTests";
			productName = "Adopt-A-FloatTests";
			productReference = AD72052E202F553100F55BD7 /* Adopt-A-FloatTests.xctest */;
			productType = "com.apple.product-type.bundle.unit-test";
		};
		D0F24A2425B73BB500E52901 /* Adopt-A-FloatUITests */ = {
			isa = PBXNativeTarget;
			buildConfigurationList = D0F24A2E25B73BB500E52901 /* Build configuration list for PBXNativeTarget "Adopt-A-FloatUITests" */;
			buildPhases = (
				D0F24A2125B73BB500E52901 /* Sources */,
				D0F24A2225B73BB500E52901 /* Frameworks */,
				D0F24A2325B73BB500E52901 /* Resources */,
			);
			buildRules = (
			);
			dependencies = (
				D0F24A2B25B73BB500E52901 /* PBXTargetDependency */,
			);
			name = "Adopt-A-FloatUITests";
			productName = "Adopt-A-FloatUITests";
			productReference = D0F24A2525B73BB500E52901 /* Adopt-A-FloatUITests.xctest */;
			productType = "com.apple.product-type.bundle.ui-testing";
		};
/* End PBXNativeTarget section */

/* Begin PBXProject section */
		AD72050E202F553100F55BD7 /* Project object */ = {
			isa = PBXProject;
			attributes = {
				LastUpgradeCheck = 0930;
				ORGANIZATIONNAME = "Frederik Simons";
				TargetAttributes = {
					AD720515202F553100F55BD7 = {
						CreatedOnToolsVersion = 9.2;
						ProvisioningStyle = Automatic;
					};
					AD72052D202F553100F55BD7 = {
						CreatedOnToolsVersion = 9.2;
						ProvisioningStyle = Automatic;
						TestTargetID = AD720515202F553100F55BD7;
					};
					D0F24A2425B73BB500E52901 = {
						CreatedOnToolsVersion = 11.6;
						ProvisioningStyle = Automatic;
						TestTargetID = AD720515202F553100F55BD7;
					};
				};
			};
			buildConfigurationList = AD720511202F553100F55BD7 /* Build configuration list for PBXProject "Adopt-A-Float" */;
			compatibilityVersion = "Xcode 8.0";
			developmentRegion = en;
			hasScannedForEncodings = 0;
			knownRegions = (
				en,
				Base,
			);
			mainGroup = AD72050D202F553100F55BD7;
			productRefGroup = AD720517202F553100F55BD7 /* Products */;
			projectDirPath = "";
			projectRoot = "";
			targets = (
				AD720515202F553100F55BD7 /* Adopt-A-Float */,
				AD72052D202F553100F55BD7 /* Adopt-A-FloatTests */,
				D0F24A2425B73BB500E52901 /* Adopt-A-FloatUITests */,
			);
		};
/* End PBXProject section */

/* Begin PBXResourcesBuildPhase section */
		AD720514202F553100F55BD7 /* Resources */ = {
			isa = PBXResourcesBuildPhase;
			buildActionMask = 2147483647;
			files = (
				D03C37532586F77000004071 /* talking-35462.png in Resources */,
				D03C37512586F33700004071 /* speech-25909_1280.png in Resources */,
				ADB225AA203922B4005B6CC8 /* source.plist in Resources */,
				D03C3759258EA33500004071 /* mermaidInfoBubble.png in Resources */,
				AD720526202F553100F55BD7 /* LaunchScreen.storyboard in Resources */,
				D03C3757258E8F4200004071 /* mermaid_info_bubble.png in Resources */,
				D03C3755258E8D1700004071 /* untitled.png in Resources */,
				D0571DAA22EF7A0900D88E1D /* mapmarkericonview.xib in Resources */,
				AD720523202F553100F55BD7 /* Assets.xcassets in Resources */,
				AD720521202F553100F55BD7 /* Main.storyboard in Resources */,
				D05E012F22CBD4FA00A55488 /* private.plist in Resources */,
				D02FEE4F253E216B0040A80B /* MermaidLogo.png in Resources */,
			);
			runOnlyForDeploymentPostprocessing = 0;
		};
		AD72052C202F553100F55BD7 /* Resources */ = {
			isa = PBXResourcesBuildPhase;
			buildActionMask = 2147483647;
			files = (
			);
			runOnlyForDeploymentPostprocessing = 0;
		};
		D0F24A2325B73BB500E52901 /* Resources */ = {
			isa = PBXResourcesBuildPhase;
			buildActionMask = 2147483647;
			files = (
			);
			runOnlyForDeploymentPostprocessing = 0;
		};
/* End PBXResourcesBuildPhase section */

/* Begin PBXShellScriptBuildPhase section */
		484C0538D47AB26F736F4569 /* [CP] Copy Pods Resources */ = {
			isa = PBXShellScriptBuildPhase;
			buildActionMask = 2147483647;
			files = (
			);
			inputPaths = (
				"${PODS_ROOT}/Target Support Files/Pods-Adopt-A-Float/Pods-Adopt-A-Float-resources.sh",
				"${PODS_ROOT}/GoogleMaps/Maps/Frameworks/GoogleMaps.framework/Resources/GoogleMaps.bundle",
			);
			name = "[CP] Copy Pods Resources";
			outputPaths = (
				"${TARGET_BUILD_DIR}/${UNLOCALIZED_RESOURCES_FOLDER_PATH}/GoogleMaps.bundle",
			);
			runOnlyForDeploymentPostprocessing = 0;
			shellPath = /bin/sh;
			shellScript = "\"${PODS_ROOT}/Target Support Files/Pods-Adopt-A-Float/Pods-Adopt-A-Float-resources.sh\"\n";
			showEnvVarsInLog = 0;
		};
		7F02D4D1DF4A71E4B5F3692D /* [CP] Check Pods Manifest.lock */ = {
			isa = PBXShellScriptBuildPhase;
			buildActionMask = 2147483647;
			files = (
			);
			inputFileListPaths = (
			);
			inputPaths = (
				"${PODS_PODFILE_DIR_PATH}/Podfile.lock",
				"${PODS_ROOT}/Manifest.lock",
			);
			name = "[CP] Check Pods Manifest.lock";
			outputFileListPaths = (
			);
			outputPaths = (
				"$(DERIVED_FILE_DIR)/Pods-Adopt-A-FloatTests-checkManifestLockResult.txt",
			);
			runOnlyForDeploymentPostprocessing = 0;
			shellPath = /bin/sh;
			shellScript = "diff \"${PODS_PODFILE_DIR_PATH}/Podfile.lock\" \"${PODS_ROOT}/Manifest.lock\" > /dev/null\nif [ $? != 0 ] ; then\n    # print error to STDERR\n    echo \"error: The sandbox is not in sync with the Podfile.lock. Run 'pod install' or update your CocoaPods installation.\" >&2\n    exit 1\nfi\n# This output is used by Xcode 'outputs' to avoid re-running this script phase.\necho \"SUCCESS\" > \"${SCRIPT_OUTPUT_FILE_0}\"\n";
			showEnvVarsInLog = 0;
		};
		F5A13A091FCD0541BABDF703 /* [CP] Check Pods Manifest.lock */ = {
			isa = PBXShellScriptBuildPhase;
			buildActionMask = 2147483647;
			files = (
			);
			inputFileListPaths = (
			);
			inputPaths = (
				"${PODS_PODFILE_DIR_PATH}/Podfile.lock",
				"${PODS_ROOT}/Manifest.lock",
			);
			name = "[CP] Check Pods Manifest.lock";
			outputFileListPaths = (
			);
			outputPaths = (
				"$(DERIVED_FILE_DIR)/Pods-Adopt-A-Float-checkManifestLockResult.txt",
			);
			runOnlyForDeploymentPostprocessing = 0;
			shellPath = /bin/sh;
			shellScript = "diff \"${PODS_PODFILE_DIR_PATH}/Podfile.lock\" \"${PODS_ROOT}/Manifest.lock\" > /dev/null\nif [ $? != 0 ] ; then\n    # print error to STDERR\n    echo \"error: The sandbox is not in sync with the Podfile.lock. Run 'pod install' or update your CocoaPods installation.\" >&2\n    exit 1\nfi\n# This output is used by Xcode 'outputs' to avoid re-running this script phase.\necho \"SUCCESS\" > \"${SCRIPT_OUTPUT_FILE_0}\"\n";
			showEnvVarsInLog = 0;
		};
/* End PBXShellScriptBuildPhase section */

/* Begin PBXSourcesBuildPhase section */
		AD720512202F553100F55BD7 /* Sources */ = {
			isa = PBXSourcesBuildPhase;
			buildActionMask = 2147483647;
			files = (
				D055B9352313DD38006CD40D /* SelectFloatTableViewController.m in Sources */,
				D09D817D25475FB600F7A465 /* SelectMapTypeScreen.m in Sources */,
				AD720529202F553100F55BD7 /* main.m in Sources */,
				AD72054B202F5D2900F55BD7 /* MainViewController.m in Sources */,
				AD720545202F58D900F55BD7 /* Instrument.m in Sources */,
				D09F915725A8E644007BDAB9 /* LegendScreen.m in Sources */,
				AD720544202F58D900F55BD7 /* DataUtility.m in Sources */,
				AD72051B202F553100F55BD7 /* AppDelegate.m in Sources */,
				D030C8A124FC30D0009E279F /* AppState.m in Sources */,
				D0571DAD22EF7BA800D88E1D /* mapIconView.m in Sources */,
				D055B93B231422A4006CD40D /* OptionsViewController.m in Sources */,
				D055B93823141F1C006CD40D /* SelectMarkerNumberViewController.m in Sources */,
				AD720548202F598B00F55BD7 /* FloatData.m in Sources */,
			);
			runOnlyForDeploymentPostprocessing = 0;
		};
		AD72052A202F553100F55BD7 /* Sources */ = {
			isa = PBXSourcesBuildPhase;
			buildActionMask = 2147483647;
			files = (
				AD720533202F553100F55BD7 /* Adopt_A_FloatTests.m in Sources */,
			);
			runOnlyForDeploymentPostprocessing = 0;
		};
		D0F24A2125B73BB500E52901 /* Sources */ = {
			isa = PBXSourcesBuildPhase;
			buildActionMask = 2147483647;
			files = (
				D0F24A2825B73BB500E52901 /* Adopt_A_FloatUITests.m in Sources */,
			);
			runOnlyForDeploymentPostprocessing = 0;
		};
/* End PBXSourcesBuildPhase section */

/* Begin PBXTargetDependency section */
		AD720530202F553100F55BD7 /* PBXTargetDependency */ = {
			isa = PBXTargetDependency;
			target = AD720515202F553100F55BD7 /* Adopt-A-Float */;
			targetProxy = AD72052F202F553100F55BD7 /* PBXContainerItemProxy */;
		};
		D0F24A2B25B73BB500E52901 /* PBXTargetDependency */ = {
			isa = PBXTargetDependency;
			target = AD720515202F553100F55BD7 /* Adopt-A-Float */;
			targetProxy = D0F24A2A25B73BB500E52901 /* PBXContainerItemProxy */;
		};
/* End PBXTargetDependency section */

/* Begin PBXVariantGroup section */
		AD72051F202F553100F55BD7 /* Main.storyboard */ = {
			isa = PBXVariantGroup;
			children = (
				AD720520202F553100F55BD7 /* Base */,
			);
			name = Main.storyboard;
			sourceTree = "<group>";
		};
		AD720524202F553100F55BD7 /* LaunchScreen.storyboard */ = {
			isa = PBXVariantGroup;
			children = (
				AD720525202F553100F55BD7 /* Base */,
			);
			name = LaunchScreen.storyboard;
			sourceTree = "<group>";
		};
/* End PBXVariantGroup section */

/* Begin XCBuildConfiguration section */
		AD720535202F553100F55BD7 /* Debug */ = {
			isa = XCBuildConfiguration;
			buildSettings = {
				ALWAYS_SEARCH_USER_PATHS = NO;
				CLANG_ANALYZER_NONNULL = YES;
				CLANG_ANALYZER_NUMBER_OBJECT_CONVERSION = YES_AGGRESSIVE;
				CLANG_CXX_LANGUAGE_STANDARD = "gnu++14";
				CLANG_CXX_LIBRARY = "libc++";
				CLANG_ENABLE_MODULES = YES;
				CLANG_ENABLE_OBJC_ARC = YES;
				CLANG_WARN_BLOCK_CAPTURE_AUTORELEASING = YES;
				CLANG_WARN_BOOL_CONVERSION = YES;
				CLANG_WARN_COMMA = YES;
				CLANG_WARN_CONSTANT_CONVERSION = YES;
				CLANG_WARN_DEPRECATED_OBJC_IMPLEMENTATIONS = YES;
				CLANG_WARN_DIRECT_OBJC_ISA_USAGE = YES_ERROR;
				CLANG_WARN_DOCUMENTATION_COMMENTS = YES;
				CLANG_WARN_EMPTY_BODY = YES;
				CLANG_WARN_ENUM_CONVERSION = YES;
				CLANG_WARN_INFINITE_RECURSION = YES;
				CLANG_WARN_INT_CONVERSION = YES;
				CLANG_WARN_NON_LITERAL_NULL_CONVERSION = YES;
				CLANG_WARN_OBJC_IMPLICIT_RETAIN_SELF = YES;
				CLANG_WARN_OBJC_LITERAL_CONVERSION = YES;
				CLANG_WARN_OBJC_ROOT_CLASS = YES_ERROR;
				CLANG_WARN_RANGE_LOOP_ANALYSIS = YES;
				CLANG_WARN_STRICT_PROTOTYPES = YES;
				CLANG_WARN_SUSPICIOUS_MOVE = YES;
				CLANG_WARN_UNGUARDED_AVAILABILITY = YES_AGGRESSIVE;
				CLANG_WARN_UNREACHABLE_CODE = YES;
				CLANG_WARN__DUPLICATE_METHOD_MATCH = YES;
				CODE_SIGN_IDENTITY = "iPhone Developer";
				COPY_PHASE_STRIP = NO;
				DEBUG_INFORMATION_FORMAT = dwarf;
				ENABLE_STRICT_OBJC_MSGSEND = YES;
				ENABLE_TESTABILITY = YES;
				GCC_C_LANGUAGE_STANDARD = gnu11;
				GCC_DYNAMIC_NO_PIC = NO;
				GCC_NO_COMMON_BLOCKS = YES;
				GCC_OPTIMIZATION_LEVEL = 0;
				GCC_PREPROCESSOR_DEFINITIONS = (
					"DEBUG=1",
					"$(inherited)",
				);
				GCC_WARN_64_TO_32_BIT_CONVERSION = YES;
				GCC_WARN_ABOUT_RETURN_TYPE = YES_ERROR;
				GCC_WARN_UNDECLARED_SELECTOR = YES;
				GCC_WARN_UNINITIALIZED_AUTOS = YES_AGGRESSIVE;
				GCC_WARN_UNUSED_FUNCTION = YES;
				GCC_WARN_UNUSED_VARIABLE = YES;
				IPHONEOS_DEPLOYMENT_TARGET = 11.2;
				MTL_ENABLE_DEBUG_INFO = YES;
				ONLY_ACTIVE_ARCH = YES;
				SDKROOT = iphoneos;
			};
			name = Debug;
		};
		AD720536202F553100F55BD7 /* Release */ = {
			isa = XCBuildConfiguration;
			buildSettings = {
				ALWAYS_SEARCH_USER_PATHS = NO;
				CLANG_ANALYZER_NONNULL = YES;
				CLANG_ANALYZER_NUMBER_OBJECT_CONVERSION = YES_AGGRESSIVE;
				CLANG_CXX_LANGUAGE_STANDARD = "gnu++14";
				CLANG_CXX_LIBRARY = "libc++";
				CLANG_ENABLE_MODULES = YES;
				CLANG_ENABLE_OBJC_ARC = YES;
				CLANG_WARN_BLOCK_CAPTURE_AUTORELEASING = YES;
				CLANG_WARN_BOOL_CONVERSION = YES;
				CLANG_WARN_COMMA = YES;
				CLANG_WARN_CONSTANT_CONVERSION = YES;
				CLANG_WARN_DEPRECATED_OBJC_IMPLEMENTATIONS = YES;
				CLANG_WARN_DIRECT_OBJC_ISA_USAGE = YES_ERROR;
				CLANG_WARN_DOCUMENTATION_COMMENTS = YES;
				CLANG_WARN_EMPTY_BODY = YES;
				CLANG_WARN_ENUM_CONVERSION = YES;
				CLANG_WARN_INFINITE_RECURSION = YES;
				CLANG_WARN_INT_CONVERSION = YES;
				CLANG_WARN_NON_LITERAL_NULL_CONVERSION = YES;
				CLANG_WARN_OBJC_IMPLICIT_RETAIN_SELF = YES;
				CLANG_WARN_OBJC_LITERAL_CONVERSION = YES;
				CLANG_WARN_OBJC_ROOT_CLASS = YES_ERROR;
				CLANG_WARN_RANGE_LOOP_ANALYSIS = YES;
				CLANG_WARN_STRICT_PROTOTYPES = YES;
				CLANG_WARN_SUSPICIOUS_MOVE = YES;
				CLANG_WARN_UNGUARDED_AVAILABILITY = YES_AGGRESSIVE;
				CLANG_WARN_UNREACHABLE_CODE = YES;
				CLANG_WARN__DUPLICATE_METHOD_MATCH = YES;
				CODE_SIGN_IDENTITY = "iPhone Developer";
				COPY_PHASE_STRIP = NO;
				DEBUG_INFORMATION_FORMAT = "dwarf-with-dsym";
				ENABLE_NS_ASSERTIONS = NO;
				ENABLE_STRICT_OBJC_MSGSEND = YES;
				GCC_C_LANGUAGE_STANDARD = gnu11;
				GCC_NO_COMMON_BLOCKS = YES;
				GCC_WARN_64_TO_32_BIT_CONVERSION = YES;
				GCC_WARN_ABOUT_RETURN_TYPE = YES_ERROR;
				GCC_WARN_UNDECLARED_SELECTOR = YES;
				GCC_WARN_UNINITIALIZED_AUTOS = YES_AGGRESSIVE;
				GCC_WARN_UNUSED_FUNCTION = YES;
				GCC_WARN_UNUSED_VARIABLE = YES;
				IPHONEOS_DEPLOYMENT_TARGET = 11.2;
				MTL_ENABLE_DEBUG_INFO = NO;
				SDKROOT = iphoneos;
				VALIDATE_PRODUCT = YES;
			};
			name = Release;
		};
		AD720538202F553100F55BD7 /* Debug */ = {
			isa = XCBuildConfiguration;
			baseConfigurationReference = 7E65C46C84E9F40C51C47920 /* Pods-Adopt-A-Float.debug.xcconfig */;
			buildSettings = {
				ASSETCATALOG_COMPILER_APPICON_NAME = AppIcon;
				CODE_SIGN_IDENTITY = "iPhone Developer";
				CODE_SIGN_STYLE = Automatic;
				CURRENT_PROJECT_VERSION = 3;
				DEVELOPMENT_TEAM = SHB7FM7N96;
				INFOPLIST_FILE = "Adopt-A-Float/Info.plist";
				IPHONEOS_DEPLOYMENT_TARGET = 13.2;
				LD_RUNPATH_SEARCH_PATHS = "$(inherited) @executable_path/Frameworks";
				MARKETING_VERSION = 2.2;
				PRODUCT_BUNDLE_IDENTIFIER = "frederik.Adopt-A-Float";
				PRODUCT_NAME = "$(TARGET_NAME)";
				PROVISIONING_PROFILE_SPECIFIER = "";
				TARGETED_DEVICE_FAMILY = "1,2";
			};
			name = Debug;
		};
		AD720539202F553100F55BD7 /* Release */ = {
			isa = XCBuildConfiguration;
			baseConfigurationReference = 6D1C5C91A0607AA852A53BE7 /* Pods-Adopt-A-Float.release.xcconfig */;
			buildSettings = {
				ASSETCATALOG_COMPILER_APPICON_NAME = AppIcon;
				CODE_SIGN_IDENTITY = "iPhone Developer";
				CODE_SIGN_STYLE = Automatic;
				CURRENT_PROJECT_VERSION = 3;
				DEVELOPMENT_TEAM = SHB7FM7N96;
				INFOPLIST_FILE = "Adopt-A-Float/Info.plist";
				IPHONEOS_DEPLOYMENT_TARGET = 13.2;
				LD_RUNPATH_SEARCH_PATHS = "$(inherited) @executable_path/Frameworks";
				MARKETING_VERSION = 2.2;
				PRODUCT_BUNDLE_IDENTIFIER = "frederik.Adopt-A-Float";
				PRODUCT_NAME = "$(TARGET_NAME)";
				PROVISIONING_PROFILE_SPECIFIER = "";
				TARGETED_DEVICE_FAMILY = "1,2";
			};
			name = Release;
		};
		AD72053B202F553100F55BD7 /* Debug */ = {
			isa = XCBuildConfiguration;
			baseConfigurationReference = F93EFF74D5BA283451D8FF7D /* Pods-Adopt-A-FloatTests.debug.xcconfig */;
			buildSettings = {
				BUNDLE_LOADER = "$(TEST_HOST)";
				CODE_SIGN_STYLE = Automatic;
				DEVELOPMENT_TEAM = SHB7FM7N96;
				INFOPLIST_FILE = "Adopt-A-FloatTests/Info.plist";
				LD_RUNPATH_SEARCH_PATHS = "$(inherited) @executable_path/Frameworks @loader_path/Frameworks";
				PRODUCT_BUNDLE_IDENTIFIER = "net.frederik.Adopt-A-FloatTests";
				PRODUCT_NAME = "$(TARGET_NAME)";
				TARGETED_DEVICE_FAMILY = "1,2";
				TEST_HOST = "$(BUILT_PRODUCTS_DIR)/Adopt-A-Float.app/Adopt-A-Float";
			};
			name = Debug;
		};
		AD72053C202F553100F55BD7 /* Release */ = {
			isa = XCBuildConfiguration;
			baseConfigurationReference = 6885A0C0D9B83595BE40C048 /* Pods-Adopt-A-FloatTests.release.xcconfig */;
			buildSettings = {
				BUNDLE_LOADER = "$(TEST_HOST)";
				CODE_SIGN_STYLE = Automatic;
				DEVELOPMENT_TEAM = SHB7FM7N96;
				INFOPLIST_FILE = "Adopt-A-FloatTests/Info.plist";
				LD_RUNPATH_SEARCH_PATHS = "$(inherited) @executable_path/Frameworks @loader_path/Frameworks";
				PRODUCT_BUNDLE_IDENTIFIER = "net.frederik.Adopt-A-FloatTests";
				PRODUCT_NAME = "$(TARGET_NAME)";
				TARGETED_DEVICE_FAMILY = "1,2";
				TEST_HOST = "$(BUILT_PRODUCTS_DIR)/Adopt-A-Float.app/Adopt-A-Float";
			};
			name = Release;
		};
		D0F24A2C25B73BB500E52901 /* Debug */ = {
			isa = XCBuildConfiguration;
			buildSettings = {
				CLANG_ENABLE_OBJC_WEAK = YES;
				CODE_SIGN_STYLE = Automatic;
				DEVELOPMENT_TEAM = SHB7FM7N96;
				INFOPLIST_FILE = "Adopt-A-FloatUITests/Info.plist";
				IPHONEOS_DEPLOYMENT_TARGET = 13.6;
				LD_RUNPATH_SEARCH_PATHS = "$(inherited) @executable_path/Frameworks @loader_path/Frameworks";
				MTL_ENABLE_DEBUG_INFO = INCLUDE_SOURCE;
				MTL_FAST_MATH = YES;
				PRODUCT_BUNDLE_IDENTIFIER = "com.petermwesigwa.Adopt-A-FloatUITests";
				PRODUCT_NAME = "$(TARGET_NAME)";
				TARGETED_DEVICE_FAMILY = "1,2";
				TEST_TARGET_NAME = "Adopt-A-Float";
			};
			name = Debug;
		};
		D0F24A2D25B73BB500E52901 /* Release */ = {
			isa = XCBuildConfiguration;
			buildSettings = {
				CLANG_ENABLE_OBJC_WEAK = YES;
				CODE_SIGN_STYLE = Automatic;
				DEVELOPMENT_TEAM = SHB7FM7N96;
				INFOPLIST_FILE = "Adopt-A-FloatUITests/Info.plist";
				IPHONEOS_DEPLOYMENT_TARGET = 13.6;
				LD_RUNPATH_SEARCH_PATHS = "$(inherited) @executable_path/Frameworks @loader_path/Frameworks";
				MTL_FAST_MATH = YES;
				PRODUCT_BUNDLE_IDENTIFIER = "com.petermwesigwa.Adopt-A-FloatUITests";
				PRODUCT_NAME = "$(TARGET_NAME)";
				TARGETED_DEVICE_FAMILY = "1,2";
				TEST_TARGET_NAME = "Adopt-A-Float";
			};
			name = Release;
		};
/* End XCBuildConfiguration section */

/* Begin XCConfigurationList section */
		AD720511202F553100F55BD7 /* Build configuration list for PBXProject "Adopt-A-Float" */ = {
			isa = XCConfigurationList;
			buildConfigurations = (
				AD720535202F553100F55BD7 /* Debug */,
				AD720536202F553100F55BD7 /* Release */,
			);
			defaultConfigurationIsVisible = 0;
			defaultConfigurationName = Release;
		};
		AD720537202F553100F55BD7 /* Build configuration list for PBXNativeTarget "Adopt-A-Float" */ = {
			isa = XCConfigurationList;
			buildConfigurations = (
				AD720538202F553100F55BD7 /* Debug */,
				AD720539202F553100F55BD7 /* Release */,
			);
			defaultConfigurationIsVisible = 0;
			defaultConfigurationName = Release;
		};
		AD72053A202F553100F55BD7 /* Build configuration list for PBXNativeTarget "Adopt-A-FloatTests" */ = {
			isa = XCConfigurationList;
			buildConfigurations = (
				AD72053B202F553100F55BD7 /* Debug */,
				AD72053C202F553100F55BD7 /* Release */,
			);
			defaultConfigurationIsVisible = 0;
			defaultConfigurationName = Release;
		};
		D0F24A2E25B73BB500E52901 /* Build configuration list for PBXNativeTarget "Adopt-A-FloatUITests" */ = {
			isa = XCConfigurationList;
			buildConfigurations = (
				D0F24A2C25B73BB500E52901 /* Debug */,
				D0F24A2D25B73BB500E52901 /* Release */,
			);
			defaultConfigurationIsVisible = 0;
			defaultConfigurationName = Release;
		};
/* End XCConfigurationList section */
	};
	rootObject = AD72050E202F553100F55BD7 /* Project object */;
}
